// !$*UTF8*$!
{
	archiveVersion = 1;
	classes = {
	};
	objectVersion = 46;
	objects = {

/* Begin PBXBuildFile section */
		2499CBEB62FD3437579B3E63 /* Pods.framework in Frameworks */ = {isa = PBXBuildFile; fileRef = F40001EC0C99207B13F02274 /* Pods.framework */; settings = {ATTRIBUTES = (Weak, ); }; };
		BD4445951AEC5D570078A673 /* SubjectViewController.swift in Sources */ = {isa = PBXBuildFile; fileRef = BD4445931AEC5D570078A673 /* SubjectViewController.swift */; };
		BD4445961AEC5D570078A673 /* SubjectViewControllerExtensions.swift in Sources */ = {isa = PBXBuildFile; fileRef = BD4445941AEC5D570078A673 /* SubjectViewControllerExtensions.swift */; };
		BD604FEB1AEC7258000F8848 /* JSONHandler.swift in Sources */ = {isa = PBXBuildFile; fileRef = BD604FEA1AEC7258000F8848 /* JSONHandler.swift */; };
		BD604FED1AEC7260000F8848 /* ClassList.swift in Sources */ = {isa = PBXBuildFile; fileRef = BD604FEC1AEC7260000F8848 /* ClassList.swift */; };
		BD9ED7361AEC4314005105A0 /* UiColorExtension.swift in Sources */ = {isa = PBXBuildFile; fileRef = BD9ED7351AEC4314005105A0 /* UiColorExtension.swift */; };
		BDC552031AEC774100FB1223 /* Subject.swift in Sources */ = {isa = PBXBuildFile; fileRef = BDC552021AEC774100FB1223 /* Subject.swift */; };
		BDC552051AEC778700FB1223 /* Course.swift in Sources */ = {isa = PBXBuildFile; fileRef = BDC552041AEC778700FB1223 /* Course.swift */; };
		BDE1DB141AEC4FCC0059A280 /* Podfile in Resources */ = {isa = PBXBuildFile; fileRef = BDE1DB131AEC4FCC0059A280 /* Podfile */; };
		BDF3A8BA1AEC2CE10036CAA8 /* AppDelegate.swift in Sources */ = {isa = PBXBuildFile; fileRef = BDF3A8B91AEC2CE10036CAA8 /* AppDelegate.swift */; };
		BDF3A8BC1AEC2CE10036CAA8 /* CombinedViewController.swift in Sources */ = {isa = PBXBuildFile; fileRef = BDF3A8BB1AEC2CE10036CAA8 /* CombinedViewController.swift */; };
		BDF3A8BE1AEC2CE10036CAA8 /* CourseViewController.swift in Sources */ = {isa = PBXBuildFile; fileRef = BDF3A8BD1AEC2CE10036CAA8 /* CourseViewController.swift */; };
		BDF3A8C11AEC2CE10036CAA8 /* Main.storyboard in Resources */ = {isa = PBXBuildFile; fileRef = BDF3A8BF1AEC2CE10036CAA8 /* Main.storyboard */; };
		BDF3A8C31AEC2CE10036CAA8 /* Images.xcassets in Resources */ = {isa = PBXBuildFile; fileRef = BDF3A8C21AEC2CE10036CAA8 /* Images.xcassets */; };
		BDF3A8C61AEC2CE10036CAA8 /* LaunchScreen.xib in Resources */ = {isa = PBXBuildFile; fileRef = BDF3A8C41AEC2CE10036CAA8 /* LaunchScreen.xib */; };
		BDF3A8D21AEC2CE10036CAA8 /* CourseCatalogTests.swift in Sources */ = {isa = PBXBuildFile; fileRef = BDF3A8D11AEC2CE10036CAA8 /* CourseCatalogTests.swift */; };
		BDF3A8DC1AEC37FD0036CAA8 /* CombinedViewControllerExtensions.swift in Sources */ = {isa = PBXBuildFile; fileRef = BDF3A8DB1AEC37FD0036CAA8 /* CombinedViewControllerExtensions.swift */; };
		BE7026D31AEC7A1800EE0968 /* NetworkManager.swift in Sources */ = {isa = PBXBuildFile; fileRef = BE7026D21AEC7A1800EE0968 /* NetworkManager.swift */; };
/* End PBXBuildFile section */

/* Begin PBXContainerItemProxy section */
		BDF3A8CC1AEC2CE10036CAA8 /* PBXContainerItemProxy */ = {
			isa = PBXContainerItemProxy;
			containerPortal = BDF3A8AC1AEC2CE10036CAA8 /* Project object */;
			proxyType = 1;
			remoteGlobalIDString = BDF3A8B31AEC2CE10036CAA8;
			remoteInfo = CourseCatalog;
		};
/* End PBXContainerItemProxy section */

/* Begin PBXFileReference section */
		3316A59815238E8AB23C9343 /* Pods.release.xcconfig */ = {isa = PBXFileReference; includeInIndex = 1; lastKnownFileType = text.xcconfig; name = Pods.release.xcconfig; path = "Pods/Target Support Files/Pods/Pods.release.xcconfig"; sourceTree = "<group>"; };
		70FF6AA3560363ADAA14AB78 /* Pods.debug.xcconfig */ = {isa = PBXFileReference; includeInIndex = 1; lastKnownFileType = text.xcconfig; name = Pods.debug.xcconfig; path = "Pods/Target Support Files/Pods/Pods.debug.xcconfig"; sourceTree = "<group>"; };
		BD4445931AEC5D570078A673 /* SubjectViewController.swift */ = {isa = PBXFileReference; fileEncoding = 4; lastKnownFileType = sourcecode.swift; path = SubjectViewController.swift; sourceTree = "<group>"; };
		BD4445941AEC5D570078A673 /* SubjectViewControllerExtensions.swift */ = {isa = PBXFileReference; fileEncoding = 4; lastKnownFileType = sourcecode.swift; path = SubjectViewControllerExtensions.swift; sourceTree = "<group>"; };
		BD604FEA1AEC7258000F8848 /* JSONHandler.swift */ = {isa = PBXFileReference; fileEncoding = 4; lastKnownFileType = sourcecode.swift; path = JSONHandler.swift; sourceTree = "<group>"; };
		BD604FEC1AEC7260000F8848 /* ClassList.swift */ = {isa = PBXFileReference; fileEncoding = 4; lastKnownFileType = sourcecode.swift; path = ClassList.swift; sourceTree = "<group>"; };
		BD9ED7351AEC4314005105A0 /* UiColorExtension.swift */ = {isa = PBXFileReference; fileEncoding = 4; lastKnownFileType = sourcecode.swift; path = UiColorExtension.swift; sourceTree = "<group>"; };
		BDC552021AEC774100FB1223 /* Subject.swift */ = {isa = PBXFileReference; fileEncoding = 4; lastKnownFileType = sourcecode.swift; path = Subject.swift; sourceTree = "<group>"; };
		BDC552041AEC778700FB1223 /* Course.swift */ = {isa = PBXFileReference; fileEncoding = 4; lastKnownFileType = sourcecode.swift; path = Course.swift; sourceTree = "<group>"; };
		BDE1DB131AEC4FCC0059A280 /* Podfile */ = {isa = PBXFileReference; fileEncoding = 4; lastKnownFileType = text; path = Podfile; sourceTree = "<group>"; xcLanguageSpecificationIdentifier = xcode.lang.ruby; };
		BDF3A8B41AEC2CE10036CAA8 /* CourseCatalog.app */ = {isa = PBXFileReference; explicitFileType = wrapper.application; includeInIndex = 0; path = CourseCatalog.app; sourceTree = BUILT_PRODUCTS_DIR; };
		BDF3A8B81AEC2CE10036CAA8 /* Info.plist */ = {isa = PBXFileReference; lastKnownFileType = text.plist.xml; path = Info.plist; sourceTree = "<group>"; };
		BDF3A8B91AEC2CE10036CAA8 /* AppDelegate.swift */ = {isa = PBXFileReference; lastKnownFileType = sourcecode.swift; path = AppDelegate.swift; sourceTree = "<group>"; };
		BDF3A8BB1AEC2CE10036CAA8 /* CombinedViewController.swift */ = {isa = PBXFileReference; lastKnownFileType = sourcecode.swift; path = CombinedViewController.swift; sourceTree = "<group>"; };
		BDF3A8BD1AEC2CE10036CAA8 /* CourseViewController.swift */ = {isa = PBXFileReference; lastKnownFileType = sourcecode.swift; path = CourseViewController.swift; sourceTree = "<group>"; };
		BDF3A8C01AEC2CE10036CAA8 /* Base */ = {isa = PBXFileReference; lastKnownFileType = file.storyboard; name = Base; path = Base.lproj/Main.storyboard; sourceTree = "<group>"; };
		BDF3A8C21AEC2CE10036CAA8 /* Images.xcassets */ = {isa = PBXFileReference; lastKnownFileType = folder.assetcatalog; path = Images.xcassets; sourceTree = "<group>"; };
		BDF3A8C51AEC2CE10036CAA8 /* Base */ = {isa = PBXFileReference; lastKnownFileType = file.xib; name = Base; path = Base.lproj/LaunchScreen.xib; sourceTree = "<group>"; };
		BDF3A8CB1AEC2CE10036CAA8 /* CourseCatalogTests.xctest */ = {isa = PBXFileReference; explicitFileType = wrapper.cfbundle; includeInIndex = 0; path = CourseCatalogTests.xctest; sourceTree = BUILT_PRODUCTS_DIR; };
		BDF3A8D01AEC2CE10036CAA8 /* Info.plist */ = {isa = PBXFileReference; lastKnownFileType = text.plist.xml; path = Info.plist; sourceTree = "<group>"; };
		BDF3A8D11AEC2CE10036CAA8 /* CourseCatalogTests.swift */ = {isa = PBXFileReference; lastKnownFileType = sourcecode.swift; path = CourseCatalogTests.swift; sourceTree = "<group>"; };
		BDF3A8DB1AEC37FD0036CAA8 /* CombinedViewControllerExtensions.swift */ = {isa = PBXFileReference; fileEncoding = 4; lastKnownFileType = sourcecode.swift; path = CombinedViewControllerExtensions.swift; sourceTree = "<group>"; };
		BE7026D21AEC7A1800EE0968 /* NetworkManager.swift */ = {isa = PBXFileReference; fileEncoding = 4; lastKnownFileType = sourcecode.swift; path = NetworkManager.swift; sourceTree = "<group>"; };
		F40001EC0C99207B13F02274 /* Pods.framework */ = {isa = PBXFileReference; explicitFileType = wrapper.framework; includeInIndex = 0; path = Pods.framework; sourceTree = BUILT_PRODUCTS_DIR; };
/* End PBXFileReference section */

/* Begin PBXFrameworksBuildPhase section */
		BDF3A8B11AEC2CE10036CAA8 /* Frameworks */ = {
			isa = PBXFrameworksBuildPhase;
			buildActionMask = 2147483647;
			files = (
				2499CBEB62FD3437579B3E63 /* Pods.framework in Frameworks */,
			);
			runOnlyForDeploymentPostprocessing = 0;
		};
		BDF3A8C81AEC2CE10036CAA8 /* Frameworks */ = {
			isa = PBXFrameworksBuildPhase;
			buildActionMask = 2147483647;
			files = (
			);
			runOnlyForDeploymentPostprocessing = 0;
		};
/* End PBXFrameworksBuildPhase section */

/* Begin PBXGroup section */
		187444DED8C509D0619C2328 /* Pods */ = {
			isa = PBXGroup;
			children = (
				70FF6AA3560363ADAA14AB78 /* Pods.debug.xcconfig */,
				3316A59815238E8AB23C9343 /* Pods.release.xcconfig */,
			);
			name = Pods;
			sourceTree = "<group>";
		};
		BD604FF01AEC7324000F8848 /* Models */ = {
			isa = PBXGroup;
			children = (
				BD604FEA1AEC7258000F8848 /* JSONHandler.swift */,
				BD604FEC1AEC7260000F8848 /* ClassList.swift */,
			);
			name = Models;
			sourceTree = "<group>";
		};
		BDC552001AEC767700FB1223 /* Extensions */ = {
			isa = PBXGroup;
			children = (
				BD9ED7351AEC4314005105A0 /* UiColorExtension.swift */,
			);
			name = Extensions;
			sourceTree = "<group>";
		};
		BDC552011AEC76F200FB1223 /* Objects */ = {
			isa = PBXGroup;
			children = (
				BDC552021AEC774100FB1223 /* Subject.swift */,
				BDC552041AEC778700FB1223 /* Course.swift */,
			);
			name = Objects;
			sourceTree = "<group>";
		};
		BDF3A8AB1AEC2CE10036CAA8 = {
			isa = PBXGroup;
			children = (
				BDE1DB131AEC4FCC0059A280 /* Podfile */,
				BDF3A8B61AEC2CE10036CAA8 /* CourseCatalog */,
				BDF3A8CE1AEC2CE10036CAA8 /* CourseCatalogTests */,
				BDF3A8B51AEC2CE10036CAA8 /* Products */,
				187444DED8C509D0619C2328 /* Pods */,
				E2C4FDD52E96488B3ACDCFFD /* Frameworks */,
			);
			sourceTree = "<group>";
		};
		BDF3A8B51AEC2CE10036CAA8 /* Products */ = {
			isa = PBXGroup;
			children = (
				BDF3A8B41AEC2CE10036CAA8 /* CourseCatalog.app */,
				BDF3A8CB1AEC2CE10036CAA8 /* CourseCatalogTests.xctest */,
			);
			name = Products;
			sourceTree = "<group>";
		};
		BDF3A8B61AEC2CE10036CAA8 /* CourseCatalog */ = {
			isa = PBXGroup;
			children = (
				BDF3A8B91AEC2CE10036CAA8 /* AppDelegate.swift */,
				BD604FF01AEC7324000F8848 /* Models */,
				BDF3A8BB1AEC2CE10036CAA8 /* CombinedViewController.swift */,
				BDC552011AEC76F200FB1223 /* Objects */,
				BDF3A8DB1AEC37FD0036CAA8 /* CombinedViewControllerExtensions.swift */,
				BD4445931AEC5D570078A673 /* SubjectViewController.swift */,
				BD4445941AEC5D570078A673 /* SubjectViewControllerExtensions.swift */,
				BDF3A8BD1AEC2CE10036CAA8 /* CourseViewController.swift */,
				BE7026D21AEC7A1800EE0968 /* NetworkManager.swift */,
				BDC552001AEC767700FB1223 /* Extensions */,
				BDF3A8BF1AEC2CE10036CAA8 /* Main.storyboard */,
				BDF3A8C21AEC2CE10036CAA8 /* Images.xcassets */,
				BDF3A8C41AEC2CE10036CAA8 /* LaunchScreen.xib */,
				BDF3A8B71AEC2CE10036CAA8 /* Supporting Files */,
			);
			path = CourseCatalog;
			sourceTree = "<group>";
		};
		BDF3A8B71AEC2CE10036CAA8 /* Supporting Files */ = {
			isa = PBXGroup;
			children = (
				BDF3A8B81AEC2CE10036CAA8 /* Info.plist */,
			);
			name = "Supporting Files";
			sourceTree = "<group>";
		};
		BDF3A8CE1AEC2CE10036CAA8 /* CourseCatalogTests */ = {
			isa = PBXGroup;
			children = (
				BDF3A8D11AEC2CE10036CAA8 /* CourseCatalogTests.swift */,
				BDF3A8CF1AEC2CE10036CAA8 /* Supporting Files */,
			);
			path = CourseCatalogTests;
			sourceTree = "<group>";
		};
		BDF3A8CF1AEC2CE10036CAA8 /* Supporting Files */ = {
			isa = PBXGroup;
			children = (
				BDF3A8D01AEC2CE10036CAA8 /* Info.plist */,
			);
			name = "Supporting Files";
			sourceTree = "<group>";
		};
		E2C4FDD52E96488B3ACDCFFD /* Frameworks */ = {
			isa = PBXGroup;
			children = (
				F40001EC0C99207B13F02274 /* Pods.framework */,
			);
			name = Frameworks;
			sourceTree = "<group>";
		};
/* End PBXGroup section */

/* Begin PBXNativeTarget section */
		BDF3A8B31AEC2CE10036CAA8 /* CourseCatalog */ = {
			isa = PBXNativeTarget;
			buildConfigurationList = BDF3A8D51AEC2CE10036CAA8 /* Build configuration list for PBXNativeTarget "CourseCatalog" */;
			buildPhases = (
				161C8CF3276DE5217DFDF551 /* Check Pods Manifest.lock */,
				BDF3A8B01AEC2CE10036CAA8 /* Sources */,
				BDF3A8B11AEC2CE10036CAA8 /* Frameworks */,
				BDF3A8B21AEC2CE10036CAA8 /* Resources */,
				6E9AAC87D34CFEA646C8A977 /* Embed Pods Frameworks */,
				822E6EA6608B4E14D458D801 /* Copy Pods Resources */,
			);
			buildRules = (
			);
			dependencies = (
			);
			name = CourseCatalog;
			productName = CourseCatalog;
			productReference = BDF3A8B41AEC2CE10036CAA8 /* CourseCatalog.app */;
			productType = "com.apple.product-type.application";
		};
		BDF3A8CA1AEC2CE10036CAA8 /* CourseCatalogTests */ = {
			isa = PBXNativeTarget;
			buildConfigurationList = BDF3A8D81AEC2CE10036CAA8 /* Build configuration list for PBXNativeTarget "CourseCatalogTests" */;
			buildPhases = (
				BDF3A8C71AEC2CE10036CAA8 /* Sources */,
				BDF3A8C81AEC2CE10036CAA8 /* Frameworks */,
				BDF3A8C91AEC2CE10036CAA8 /* Resources */,
			);
			buildRules = (
			);
			dependencies = (
				BDF3A8CD1AEC2CE10036CAA8 /* PBXTargetDependency */,
			);
			name = CourseCatalogTests;
			productName = CourseCatalogTests;
			productReference = BDF3A8CB1AEC2CE10036CAA8 /* CourseCatalogTests.xctest */;
			productType = "com.apple.product-type.bundle.unit-test";
		};
/* End PBXNativeTarget section */

/* Begin PBXProject section */
		BDF3A8AC1AEC2CE10036CAA8 /* Project object */ = {
			isa = PBXProject;
			attributes = {
				LastUpgradeCheck = 0630;
				ORGANIZATIONNAME = "Kyler Stole";
				TargetAttributes = {
					BDF3A8B31AEC2CE10036CAA8 = {
						CreatedOnToolsVersion = 6.3;
						DevelopmentTeam = 456T4LX972;
					};
					BDF3A8CA1AEC2CE10036CAA8 = {
						CreatedOnToolsVersion = 6.3;
						TestTargetID = BDF3A8B31AEC2CE10036CAA8;
					};
				};
			};
			buildConfigurationList = BDF3A8AF1AEC2CE10036CAA8 /* Build configuration list for PBXProject "CourseCatalog" */;
			compatibilityVersion = "Xcode 3.2";
			developmentRegion = English;
			hasScannedForEncodings = 0;
			knownRegions = (
				en,
				Base,
			);
			mainGroup = BDF3A8AB1AEC2CE10036CAA8;
			productRefGroup = BDF3A8B51AEC2CE10036CAA8 /* Products */;
			projectDirPath = "";
			projectRoot = "";
			targets = (
				BDF3A8B31AEC2CE10036CAA8 /* CourseCatalog */,
				BDF3A8CA1AEC2CE10036CAA8 /* CourseCatalogTests */,
			);
		};
/* End PBXProject section */

/* Begin PBXResourcesBuildPhase section */
		BDF3A8B21AEC2CE10036CAA8 /* Resources */ = {
			isa = PBXResourcesBuildPhase;
			buildActionMask = 2147483647;
			files = (
				BDF3A8C11AEC2CE10036CAA8 /* Main.storyboard in Resources */,
				BDF3A8C61AEC2CE10036CAA8 /* LaunchScreen.xib in Resources */,
				BDE1DB141AEC4FCC0059A280 /* Podfile in Resources */,
				BDF3A8C31AEC2CE10036CAA8 /* Images.xcassets in Resources */,
			);
			runOnlyForDeploymentPostprocessing = 0;
		};
		BDF3A8C91AEC2CE10036CAA8 /* Resources */ = {
			isa = PBXResourcesBuildPhase;
			buildActionMask = 2147483647;
			files = (
			);
			runOnlyForDeploymentPostprocessing = 0;
		};
/* End PBXResourcesBuildPhase section */

/* Begin PBXShellScriptBuildPhase section */
		161C8CF3276DE5217DFDF551 /* Check Pods Manifest.lock */ = {
			isa = PBXShellScriptBuildPhase;
			buildActionMask = 2147483647;
			files = (
			);
			inputPaths = (
			);
			name = "Check Pods Manifest.lock";
			outputPaths = (
			);
			runOnlyForDeploymentPostprocessing = 0;
			shellPath = /bin/sh;
			shellScript = "diff \"${PODS_ROOT}/../Podfile.lock\" \"${PODS_ROOT}/Manifest.lock\" > /dev/null\nif [[ $? != 0 ]] ; then\n    cat << EOM\nerror: The sandbox is not in sync with the Podfile.lock. Run 'pod install' or update your CocoaPods installation.\nEOM\n    exit 1\nfi\n";
			showEnvVarsInLog = 0;
		};
		6E9AAC87D34CFEA646C8A977 /* Embed Pods Frameworks */ = {
			isa = PBXShellScriptBuildPhase;
			buildActionMask = 2147483647;
			files = (
			);
			inputPaths = (
			);
			name = "Embed Pods Frameworks";
			outputPaths = (
			);
			runOnlyForDeploymentPostprocessing = 0;
			shellPath = /bin/sh;
			shellScript = "\"${SRCROOT}/Pods/Target Support Files/Pods/Pods-frameworks.sh\"\n";
			showEnvVarsInLog = 0;
		};
		822E6EA6608B4E14D458D801 /* Copy Pods Resources */ = {
			isa = PBXShellScriptBuildPhase;
			buildActionMask = 2147483647;
			files = (
			);
			inputPaths = (
			);
			name = "Copy Pods Resources";
			outputPaths = (
			);
			runOnlyForDeploymentPostprocessing = 0;
			shellPath = /bin/sh;
			shellScript = "\"${SRCROOT}/Pods/Target Support Files/Pods/Pods-resources.sh\"\n";
			showEnvVarsInLog = 0;
		};
/* End PBXShellScriptBuildPhase section */

/* Begin PBXSourcesBuildPhase section */
		BDF3A8B01AEC2CE10036CAA8 /* Sources */ = {
			isa = PBXSourcesBuildPhase;
			buildActionMask = 2147483647;
			files = (
				BE7026D31AEC7A1800EE0968 /* NetworkManager.swift in Sources */,
				BDF3A8DC1AEC37FD0036CAA8 /* CombinedViewControllerExtensions.swift in Sources */,
				BDC552051AEC778700FB1223 /* Course.swift in Sources */,
				BD4445951AEC5D570078A673 /* SubjectViewController.swift in Sources */,
				BDF3A8BE1AEC2CE10036CAA8 /* CourseViewController.swift in Sources */,
				BD4445961AEC5D570078A673 /* SubjectViewControllerExtensions.swift in Sources */,
				BD604FEB1AEC7258000F8848 /* JSONHandler.swift in Sources */,
				BD604FED1AEC7260000F8848 /* ClassList.swift in Sources */,
				BDC552031AEC774100FB1223 /* Subject.swift in Sources */,
				BD9ED7361AEC4314005105A0 /* UiColorExtension.swift in Sources */,
				BDF3A8BC1AEC2CE10036CAA8 /* CombinedViewController.swift in Sources */,
				BDF3A8BA1AEC2CE10036CAA8 /* AppDelegate.swift in Sources */,
			);
			runOnlyForDeploymentPostprocessing = 0;
		};
		BDF3A8C71AEC2CE10036CAA8 /* Sources */ = {
			isa = PBXSourcesBuildPhase;
			buildActionMask = 2147483647;
			files = (
				BDF3A8D21AEC2CE10036CAA8 /* CourseCatalogTests.swift in Sources */,
			);
			runOnlyForDeploymentPostprocessing = 0;
		};
/* End PBXSourcesBuildPhase section */

/* Begin PBXTargetDependency section */
		BDF3A8CD1AEC2CE10036CAA8 /* PBXTargetDependency */ = {
			isa = PBXTargetDependency;
			target = BDF3A8B31AEC2CE10036CAA8 /* CourseCatalog */;
			targetProxy = BDF3A8CC1AEC2CE10036CAA8 /* PBXContainerItemProxy */;
		};
/* End PBXTargetDependency section */

/* Begin PBXVariantGroup section */
		BDF3A8BF1AEC2CE10036CAA8 /* Main.storyboard */ = {
			isa = PBXVariantGroup;
			children = (
				BDF3A8C01AEC2CE10036CAA8 /* Base */,
			);
			name = Main.storyboard;
			sourceTree = "<group>";
		};
		BDF3A8C41AEC2CE10036CAA8 /* LaunchScreen.xib */ = {
			isa = PBXVariantGroup;
			children = (
				BDF3A8C51AEC2CE10036CAA8 /* Base */,
			);
			name = LaunchScreen.xib;
			sourceTree = "<group>";
		};
/* End PBXVariantGroup section */

/* Begin XCBuildConfiguration section */
		BDF3A8D31AEC2CE10036CAA8 /* Debug */ = {
			isa = XCBuildConfiguration;
			buildSettings = {
				ALWAYS_SEARCH_USER_PATHS = NO;
				CLANG_CXX_LANGUAGE_STANDARD = "gnu++0x";
				CLANG_CXX_LIBRARY = "libc++";
				CLANG_ENABLE_MODULES = YES;
				CLANG_ENABLE_OBJC_ARC = YES;
				CLANG_WARN_BOOL_CONVERSION = YES;
				CLANG_WARN_CONSTANT_CONVERSION = YES;
				CLANG_WARN_DIRECT_OBJC_ISA_USAGE = YES_ERROR;
				CLANG_WARN_EMPTY_BODY = YES;
				CLANG_WARN_ENUM_CONVERSION = YES;
				CLANG_WARN_INT_CONVERSION = YES;
				CLANG_WARN_OBJC_ROOT_CLASS = YES_ERROR;
				CLANG_WARN_UNREACHABLE_CODE = YES;
				CLANG_WARN__DUPLICATE_METHOD_MATCH = YES;
				"CODE_SIGN_IDENTITY[sdk=iphoneos*]" = "iPhone Developer";
				COPY_PHASE_STRIP = NO;
				DEBUG_INFORMATION_FORMAT = "dwarf-with-dsym";
				ENABLE_STRICT_OBJC_MSGSEND = YES;
				GCC_C_LANGUAGE_STANDARD = gnu99;
				GCC_DYNAMIC_NO_PIC = NO;
				GCC_NO_COMMON_BLOCKS = YES;
				GCC_OPTIMIZATION_LEVEL = 0;
				GCC_PREPROCESSOR_DEFINITIONS = (
					"DEBUG=1",
					"$(inherited)",
				);
				GCC_SYMBOLS_PRIVATE_EXTERN = NO;
				GCC_WARN_64_TO_32_BIT_CONVERSION = YES;
				GCC_WARN_ABOUT_RETURN_TYPE = YES_ERROR;
				GCC_WARN_UNDECLARED_SELECTOR = YES;
				GCC_WARN_UNINITIALIZED_AUTOS = YES_AGGRESSIVE;
				GCC_WARN_UNUSED_FUNCTION = YES;
				GCC_WARN_UNUSED_VARIABLE = YES;
				IPHONEOS_DEPLOYMENT_TARGET = 8.3;
				MTL_ENABLE_DEBUG_INFO = YES;
				ONLY_ACTIVE_ARCH = YES;
				SDKROOT = iphoneos;
				SWIFT_OPTIMIZATION_LEVEL = "-Onone";
			};
			name = Debug;
		};
		BDF3A8D41AEC2CE10036CAA8 /* Release */ = {
			isa = XCBuildConfiguration;
			buildSettings = {
				ALWAYS_SEARCH_USER_PATHS = NO;
				CLANG_CXX_LANGUAGE_STANDARD = "gnu++0x";
				CLANG_CXX_LIBRARY = "libc++";
				CLANG_ENABLE_MODULES = YES;
				CLANG_ENABLE_OBJC_ARC = YES;
				CLANG_WARN_BOOL_CONVERSION = YES;
				CLANG_WARN_CONSTANT_CONVERSION = YES;
				CLANG_WARN_DIRECT_OBJC_ISA_USAGE = YES_ERROR;
				CLANG_WARN_EMPTY_BODY = YES;
				CLANG_WARN_ENUM_CONVERSION = YES;
				CLANG_WARN_INT_CONVERSION = YES;
				CLANG_WARN_OBJC_ROOT_CLASS = YES_ERROR;
				CLANG_WARN_UNREACHABLE_CODE = YES;
				CLANG_WARN__DUPLICATE_METHOD_MATCH = YES;
				"CODE_SIGN_IDENTITY[sdk=iphoneos*]" = "iPhone Developer";
				COPY_PHASE_STRIP = NO;
				DEBUG_INFORMATION_FORMAT = "dwarf-with-dsym";
				ENABLE_NS_ASSERTIONS = NO;
				ENABLE_STRICT_OBJC_MSGSEND = YES;
				GCC_C_LANGUAGE_STANDARD = gnu99;
				GCC_NO_COMMON_BLOCKS = YES;
				GCC_WARN_64_TO_32_BIT_CONVERSION = YES;
				GCC_WARN_ABOUT_RETURN_TYPE = YES_ERROR;
				GCC_WARN_UNDECLARED_SELECTOR = YES;
				GCC_WARN_UNINITIALIZED_AUTOS = YES_AGGRESSIVE;
				GCC_WARN_UNUSED_FUNCTION = YES;
				GCC_WARN_UNUSED_VARIABLE = YES;
				IPHONEOS_DEPLOYMENT_TARGET = 8.3;
				MTL_ENABLE_DEBUG_INFO = NO;
				SDKROOT = iphoneos;
				VALIDATE_PRODUCT = YES;
			};
			name = Release;
		};
		BDF3A8D61AEC2CE10036CAA8 /* Debug */ = {
			isa = XCBuildConfiguration;
			baseConfigurationReference = 70FF6AA3560363ADAA14AB78 /* Pods.debug.xcconfig */;
			buildSettings = {
				ASSETCATALOG_COMPILER_APPICON_NAME = AppIcon;
				CODE_SIGN_IDENTITY = "iPhone Developer";
				"CODE_SIGN_IDENTITY[sdk=iphoneos*]" = "iPhone Developer";
				INFOPLIST_FILE = CourseCatalog/Info.plist;
				LD_RUNPATH_SEARCH_PATHS = "$(inherited) @executable_path/Frameworks";
				PRODUCT_NAME = "$(TARGET_NAME)";
				PROVISIONING_PROFILE = "";
			};
			name = Debug;
		};
		BDF3A8D71AEC2CE10036CAA8 /* Release */ = {
			isa = XCBuildConfiguration;
			baseConfigurationReference = 3316A59815238E8AB23C9343 /* Pods.release.xcconfig */;
			buildSettings = {
				ASSETCATALOG_COMPILER_APPICON_NAME = AppIcon;
				CODE_SIGN_IDENTITY = "iPhone Developer";
				"CODE_SIGN_IDENTITY[sdk=iphoneos*]" = "iPhone Developer";
				INFOPLIST_FILE = CourseCatalog/Info.plist;
				LD_RUNPATH_SEARCH_PATHS = "$(inherited) @executable_path/Frameworks";
				PRODUCT_NAME = "$(TARGET_NAME)";
				PROVISIONING_PROFILE = "";
			};
			name = Release;
		};
		BDF3A8D91AEC2CE10036CAA8 /* Debug */ = {
			isa = XCBuildConfiguration;
			buildSettings = {
				BUNDLE_LOADER = "$(TEST_HOST)";
				FRAMEWORK_SEARCH_PATHS = (
					"$(SDKROOT)/Developer/Library/Frameworks",
					"$(inherited)",
				);
				GCC_PREPROCESSOR_DEFINITIONS = (
					"DEBUG=1",
					"$(inherited)",
				);
				INFOPLIST_FILE = CourseCatalogTests/Info.plist;
				LD_RUNPATH_SEARCH_PATHS = "$(inherited) @executable_path/Frameworks @loader_path/Frameworks";
				PRODUCT_NAME = "$(TARGET_NAME)";
				TEST_HOST = "$(BUILT_PRODUCTS_DIR)/CourseCatalog.app/CourseCatalog";
			};
			name = Debug;
		};
		BDF3A8DA1AEC2CE10036CAA8 /* Release */ = {
			isa = XCBuildConfiguration;
			buildSettings = {
				BUNDLE_LOADER = "$(TEST_HOST)";
				FRAMEWORK_SEARCH_PATHS = (
					"$(SDKROOT)/Developer/Library/Frameworks",
					"$(inherited)",
				);
				INFOPLIST_FILE = CourseCatalogTests/Info.plist;
				LD_RUNPATH_SEARCH_PATHS = "$(inherited) @executable_path/Frameworks @loader_path/Frameworks";
				PRODUCT_NAME = "$(TARGET_NAME)";
				TEST_HOST = "$(BUILT_PRODUCTS_DIR)/CourseCatalog.app/CourseCatalog";
			};
			name = Release;
		};
/* End XCBuildConfiguration section */

/* Begin XCConfigurationList section */
		BDF3A8AF1AEC2CE10036CAA8 /* Build configuration list for PBXProject "CourseCatalog" */ = {
			isa = XCConfigurationList;
			buildConfigurations = (
				BDF3A8D31AEC2CE10036CAA8 /* Debug */,
				BDF3A8D41AEC2CE10036CAA8 /* Release */,
			);
			defaultConfigurationIsVisible = 0;
			defaultConfigurationName = Release;
		};
		BDF3A8D51AEC2CE10036CAA8 /* Build configuration list for PBXNativeTarget "CourseCatalog" */ = {
			isa = XCConfigurationList;
			buildConfigurations = (
				BDF3A8D61AEC2CE10036CAA8 /* Debug */,
				BDF3A8D71AEC2CE10036CAA8 /* Release */,
			);
			defaultConfigurationIsVisible = 0;
			defaultConfigurationName = Release;
		};
		BDF3A8D81AEC2CE10036CAA8 /* Build configuration list for PBXNativeTarget "CourseCatalogTests" */ = {
			isa = XCConfigurationList;
			buildConfigurations = (
				BDF3A8D91AEC2CE10036CAA8 /* Debug */,
				BDF3A8DA1AEC2CE10036CAA8 /* Release */,
			);
			defaultConfigurationIsVisible = 0;
			defaultConfigurationName = Release;
		};
/* End XCConfigurationList section */
	};
	rootObject = BDF3A8AC1AEC2CE10036CAA8 /* Project object */;
}
